// !$*UTF8*$!
{
	archiveVersion = 1;
	classes = {
	};
	objectVersion = 50;
	objects = {

/* Begin PBXBuildFile section */
		47A4BF5D2250053700B66B84 /* AppDelegate.swift in Sources */ = {isa = PBXBuildFile; fileRef = 47A4BF5C2250053700B66B84 /* AppDelegate.swift */; };
		47A4BF5F2250053700B66B84 /* ViewController.swift in Sources */ = {isa = PBXBuildFile; fileRef = 47A4BF5E2250053700B66B84 /* ViewController.swift */; };
		47A4BF622250053700B66B84 /* Main.storyboard in Resources */ = {isa = PBXBuildFile; fileRef = 47A4BF602250053700B66B84 /* Main.storyboard */; };
		47A4BF642250053700B66B84 /* Assets.xcassets in Resources */ = {isa = PBXBuildFile; fileRef = 47A4BF632250053700B66B84 /* Assets.xcassets */; };
		47A4BF672250053700B66B84 /* LaunchScreen.storyboard in Resources */ = {isa = PBXBuildFile; fileRef = 47A4BF652250053700B66B84 /* LaunchScreen.storyboard */; };
		47A4BF6F2250091100B66B84 /* Readme.md in Resources */ = {isa = PBXBuildFile; fileRef = 47A4BF6E2250091100B66B84 /* Readme.md */; };
/* End PBXBuildFile section */

/* Begin PBXFileReference section */
		47A4BF592250053700B66B84 /* Simple UIListViewController App.app */ = {isa = PBXFileReference; explicitFileType = wrapper.application; includeInIndex = 0; path = "Simple UIListViewController App.app"; sourceTree = BUILT_PRODUCTS_DIR; };
		47A4BF5C2250053700B66B84 /* AppDelegate.swift */ = {isa = PBXFileReference; lastKnownFileType = sourcecode.swift; path = AppDelegate.swift; sourceTree = "<group>"; };
		47A4BF5E2250053700B66B84 /* ViewController.swift */ = {isa = PBXFileReference; lastKnownFileType = sourcecode.swift; path = ViewController.swift; sourceTree = "<group>"; };
		47A4BF612250053700B66B84 /* Base */ = {isa = PBXFileReference; lastKnownFileType = file.storyboard; name = Base; path = Base.lproj/Main.storyboard; sourceTree = "<group>"; };
		47A4BF632250053700B66B84 /* Assets.xcassets */ = {isa = PBXFileReference; lastKnownFileType = folder.assetcatalog; path = Assets.xcassets; sourceTree = "<group>"; };
		47A4BF662250053700B66B84 /* Base */ = {isa = PBXFileReference; lastKnownFileType = file.storyboard; name = Base; path = Base.lproj/LaunchScreen.storyboard; sourceTree = "<group>"; };
		47A4BF682250053700B66B84 /* Info.plist */ = {isa = PBXFileReference; lastKnownFileType = text.plist.xml; path = Info.plist; sourceTree = "<group>"; };
		47A4BF6E2250091100B66B84 /* Readme.md */ = {isa = PBXFileReference; fileEncoding = 4; lastKnownFileType = net.daringfireball.markdown; path = Readme.md; sourceTree = SOURCE_ROOT; };
/* End PBXFileReference section */

/* Begin PBXFrameworksBuildPhase section */
		47A4BF562250053700B66B84 /* Frameworks */ = {
			isa = PBXFrameworksBuildPhase;
			buildActionMask = 2147483647;
			files = (
			);
			runOnlyForDeploymentPostprocessing = 0;
		};
/* End PBXFrameworksBuildPhase section */

/* Begin PBXGroup section */
		47A4BF502250053700B66B84 = {
			isa = PBXGroup;
			children = (
				47A4BF6E2250091100B66B84 /* Readme.md */,
				47A4BF5B2250053700B66B84 /* Simple UIListViewController App */,
				47A4BF5A2250053700B66B84 /* Products */,
			);
			sourceTree = "<group>";
		};
		47A4BF5A2250053700B66B84 /* Products */ = {
			isa = PBXGroup;
			children = (
				47A4BF592250053700B66B84 /* Simple UIListViewController App.app */,
			);
			name = Products;
			sourceTree = "<group>";
		};
		47A4BF5B2250053700B66B84 /* Simple UIListViewController App */ = {
			isa = PBXGroup;
			children = (
				47A4BF5C2250053700B66B84 /* AppDelegate.swift */,
				47A4BF5E2250053700B66B84 /* ViewController.swift */,
				47A4BF602250053700B66B84 /* Main.storyboard */,
				47A4BF632250053700B66B84 /* Assets.xcassets */,
				47A4BF652250053700B66B84 /* LaunchScreen.storyboard */,
				47A4BF682250053700B66B84 /* Info.plist */,
			);
			path = "Simple UIListViewController App";
			sourceTree = "<group>";
		};
/* End PBXGroup section */

/* Begin PBXNativeTarget section */
		47A4BF582250053700B66B84 /* Simple UIListViewController App */ = {
			isa = PBXNativeTarget;
			buildConfigurationList = 47A4BF6B2250053700B66B84 /* Build configuration list for PBXNativeTarget "Simple UIListViewController App" */;
			buildPhases = (
				47A4BF552250053700B66B84 /* Sources */,
				47A4BF562250053700B66B84 /* Frameworks */,
				47A4BF572250053700B66B84 /* Resources */,
			);
			buildRules = (
			);
			dependencies = (
			);
			name = "Simple UIListViewController App";
			productName = "Simple UIListViewController App";
			productReference = 47A4BF592250053700B66B84 /* Simple UIListViewController App.app */;
			productType = "com.apple.product-type.application";
		};
/* End PBXNativeTarget section */

/* Begin PBXProject section */
		47A4BF512250053700B66B84 /* Project object */ = {
			isa = PBXProject;
			attributes = {
				LastSwiftUpdateCheck = 1020;
				LastUpgradeCheck = 1020;
				ORGANIZATIONNAME = mohaila;
				TargetAttributes = {
					47A4BF582250053700B66B84 = {
						CreatedOnToolsVersion = 10.2;
					};
				};
			};
			buildConfigurationList = 47A4BF542250053700B66B84 /* Build configuration list for PBXProject "Simple UIListViewController App" */;
			compatibilityVersion = "Xcode 9.3";
			developmentRegion = en;
			hasScannedForEncodings = 0;
			knownRegions = (
				en,
				Base,
			);
			mainGroup = 47A4BF502250053700B66B84;
			productRefGroup = 47A4BF5A2250053700B66B84 /* Products */;
			projectDirPath = "";
			projectRoot = "";
			targets = (
				47A4BF582250053700B66B84 /* Simple UIListViewController App */,
			);
		};
/* End PBXProject section */

/* Begin PBXResourcesBuildPhase section */
		47A4BF572250053700B66B84 /* Resources */ = {
			isa = PBXResourcesBuildPhase;
			buildActionMask = 2147483647;
			files = (
				47A4BF672250053700B66B84 /* LaunchScreen.storyboard in Resources */,
				47A4BF642250053700B66B84 /* Assets.xcassets in Resources */,
				47A4BF6F2250091100B66B84 /* Readme.md in Resources */,
				47A4BF622250053700B66B84 /* Main.storyboard in Resources */,
			);
			runOnlyForDeploymentPostprocessing = 0;
		};
/* End PBXResourcesBuildPhase section */

/* Begin PBXSourcesBuildPhase section */
		47A4BF552250053700B66B84 /* Sources */ = {
			isa = PBXSourcesBuildPhase;
			buildActionMask = 2147483647;
			files = (
				47A4BF5F2250053700B66B84 /* ViewController.swift in Sources */,
				47A4BF5D2250053700B66B84 /* AppDelegate.swift in Sources */,
			);
			runOnlyForDeploymentPostprocessing = 0;
		};
/* End PBXSourcesBuildPhase section */

/* Begin PBXVariantGroup section */
		47A4BF602250053700B66B84 /* Main.storyboard */ = {
			isa = PBXVariantGroup;
			children = (
				47A4BF612250053700B66B84 /* Base */,
			);
			name = Main.storyboard;
			sourceTree = "<group>";
		};
		47A4BF652250053700B66B84 /* LaunchScreen.storyboard */ = {
			isa = PBXVariantGroup;
			children = (
				47A4BF662250053700B66B84 /* Base */,
			);
			name = LaunchScreen.storyboard;
			sourceTree = "<group>";
		};
/* End PBXVariantGroup section */

/* Begin XCBuildConfiguration section */
		47A4BF692250053700B66B84 /* Debug */ = {
			isa = XCBuildConfiguration;
			buildSettings = {
				ALWAYS_SEARCH_USER_PATHS = NO;
				CLANG_ANALYZER_NONNULL = YES;
				CLANG_ANALYZER_NUMBER_OBJECT_CONVERSION = YES_AGGRESSIVE;
				CLANG_CXX_LANGUAGE_STANDARD = "gnu++14";
				CLANG_CXX_LIBRARY = "libc++";
				CLANG_ENABLE_MODULES = YES;
				CLANG_ENABLE_OBJC_ARC = YES;
				CLANG_ENABLE_OBJC_WEAK = YES;
				CLANG_WARN_BLOCK_CAPTURE_AUTORELEASING = YES;
				CLANG_WARN_BOOL_CONVERSION = YES;
				CLANG_WARN_COMMA = YES;
				CLANG_WARN_CONSTANT_CONVERSION = YES;
				CLANG_WARN_DEPRECATED_OBJC_IMPLEMENTATIONS = YES;
				CLANG_WARN_DIRECT_OBJC_ISA_USAGE = YES_ERROR;
				CLANG_WARN_DOCUMENTATION_COMMENTS = YES;
				CLANG_WARN_EMPTY_BODY = YES;
				CLANG_WARN_ENUM_CONVERSION = YES;
				CLANG_WARN_INFINITE_RECURSION = YES;
				CLANG_WARN_INT_CONVERSION = YES;
				CLANG_WARN_NON_LITERAL_NULL_CONVERSION = YES;
				CLANG_WARN_OBJC_IMPLICIT_RETAIN_SELF = YES;
				CLANG_WARN_OBJC_LITERAL_CONVERSION = YES;
				CLANG_WARN_OBJC_ROOT_CLASS = YES_ERROR;
				CLANG_WARN_RANGE_LOOP_ANALYSIS = YES;
				CLANG_WARN_STRICT_PROTOTYPES = YES;
				CLANG_WARN_SUSPICIOUS_MOVE = YES;
				CLANG_WARN_UNGUARDED_AVAILABILITY = YES_AGGRESSIVE;
				CLANG_WARN_UNREACHABLE_CODE = YES;
				CLANG_WARN__DUPLICATE_METHOD_MATCH = YES;
				CODE_SIGN_IDENTITY = "iPhone Developer";
				COPY_PHASE_STRIP = NO;
				DEBUG_INFORMATION_FORMAT = dwarf;
				ENABLE_STRICT_OBJC_MSGSEND = YES;
				ENABLE_TESTABILITY = YES;
				GCC_C_LANGUAGE_STANDARD = gnu11;
				GCC_DYNAMIC_NO_PIC = NO;
				GCC_NO_COMMON_BLOCKS = YES;
				GCC_OPTIMIZATION_LEVEL = 0;
				GCC_PREPROCESSOR_DEFINITIONS = (
					"DEBUG=1",
					"$(inherited)",
				);
				GCC_WARN_64_TO_32_BIT_CONVERSION = YES;
				GCC_WARN_ABOUT_RETURN_TYPE = YES_ERROR;
				GCC_WARN_UNDECLARED_SELECTOR = YES;
				GCC_WARN_UNINITIALIZED_AUTOS = YES_AGGRESSIVE;
				GCC_WARN_UNUSED_FUNCTION = YES;
				GCC_WARN_UNUSED_VARIABLE = YES;
				IPHONEOS_DEPLOYMENT_TARGET = 12.2;
				MTL_ENABLE_DEBUG_INFO = INCLUDE_SOURCE;
				MTL_FAST_MATH = YES;
				ONLY_ACTIVE_ARCH = YES;
				SDKROOT = iphoneos;
				SWIFT_ACTIVE_COMPILATION_CONDITIONS = DEBUG;
				SWIFT_OPTIMIZATION_LEVEL = "-Onone";
			};
			name = Debug;
		};
		47A4BF6A2250053700B66B84 /* Release */ = {
			isa = XCBuildConfiguration;
			buildSettings = {
				ALWAYS_SEARCH_USER_PATHS = NO;
				CLANG_ANALYZER_NONNULL = YES;
				CLANG_ANALYZER_NUMBER_OBJECT_CONVERSION = YES_AGGRESSIVE;
				CLANG_CXX_LANGUAGE_STANDARD = "gnu++14";
				CLANG_CXX_LIBRARY = "libc++";
				CLANG_ENABLE_MODULES = YES;
				CLANG_ENABLE_OBJC_ARC = YES;
				CLANG_ENABLE_OBJC_WEAK = YES;
				CLANG_WARN_BLOCK_CAPTURE_AUTORELEASING = YES;
				CLANG_WARN_BOOL_CONVERSION = YES;
				CLANG_WARN_COMMA = YES;
				CLANG_WARN_CONSTANT_CONVERSION = YES;
				CLANG_WARN_DEPRECATED_OBJC_IMPLEMENTATIONS = YES;
				CLANG_WARN_DIRECT_OBJC_ISA_USAGE = YES_ERROR;
				CLANG_WARN_DOCUMENTATION_COMMENTS = YES;
				CLANG_WARN_EMPTY_BODY = YES;
				CLANG_WARN_ENUM_CONVERSION = YES;
				CLANG_WARN_INFINITE_RECURSION = YES;
				CLANG_WARN_INT_CONVERSION = YES;
				CLANG_WARN_NON_LITERAL_NULL_CONVERSION = YES;
				CLANG_WARN_OBJC_IMPLICIT_RETAIN_SELF = YES;
				CLANG_WARN_OBJC_LITERAL_CONVERSION = YES;
				CLANG_WARN_OBJC_ROOT_CLASS = YES_ERROR;
				CLANG_WARN_RANGE_LOOP_ANALYSIS = YES;
				CLANG_WARN_STRICT_PROTOTYPES = YES;
				CLANG_WARN_SUSPICIOUS_MOVE = YES;
				CLANG_WARN_UNGUARDED_AVAILABILITY = YES_AGGRESSIVE;
				CLANG_WARN_UNREACHABLE_CODE = YES;
				CLANG_WARN__DUPLICATE_METHOD_MATCH = YES;
				CODE_SIGN_IDENTITY = "iPhone Developer";
				COPY_PHASE_STRIP = NO;
				DEBUG_INFORMATION_FORMAT = "dwarf-with-dsym";
				ENABLE_NS_ASSERTIONS = NO;
				ENABLE_STRICT_OBJC_MSGSEND = YES;
				GCC_C_LANGUAGE_STANDARD = gnu11;
				GCC_NO_COMMON_BLOCKS = YES;
				GCC_WARN_64_TO_32_BIT_CONVERSION = YES;
				GCC_WARN_ABOUT_RETURN_TYPE = YES_ERROR;
				GCC_WARN_UNDECLARED_SELECTOR = YES;
				GCC_WARN_UNINITIALIZED_AUTOS = YES_AGGRESSIVE;
				GCC_WARN_UNUSED_FUNCTION = YES;
				GCC_WARN_UNUSED_VARIABLE = YES;
				IPHONEOS_DEPLOYMENT_TARGET = 12.2;
				MTL_ENABLE_DEBUG_INFO = NO;
				MTL_FAST_MATH = YES;
				SDKROOT = iphoneos;
				SWIFT_COMPILATION_MODE = wholemodule;
				SWIFT_OPTIMIZATION_LEVEL = "-O";
				VALIDATE_PRODUCT = YES;
			};
			name = Release;
		};
		47A4BF6C2250053700B66B84 /* Debug */ = {
			isa = XCBuildConfiguration;
			buildSettings = {
				ASSETCATALOG_COMPILER_APPICON_NAME = AppIcon;
				CODE_SIGN_STYLE = Automatic;
				DEVELOPMENT_TEAM = 2F92Z72JXJ;
				INFOPLIST_FILE = "Simple UIListViewController App/Info.plist";
				LD_RUNPATH_SEARCH_PATHS = (
					"$(inherited)",
					"@executable_path/Frameworks",
				);
				PRODUCT_BUNDLE_IDENTIFIER = "ca.qc.mtl.mohaila.Simple-UIListViewController-App";
				PRODUCT_NAME = "$(TARGET_NAME)";
				SWIFT_VERSION = 5.0;
				TARGETED_DEVICE_FAMILY = "1,2";
			};
			name = Debug;
		};
		47A4BF6D2250053700B66B84 /* Release */ = {
			isa = XCBuildConfiguration;
			buildSettings = {
				ASSETCATALOG_COMPILER_APPICON_NAME = AppIcon;
				CODE_SIGN_STYLE = Automatic;
				DEVELOPMENT_TEAM = 2F92Z72JXJ;
				INFOPLIST_FILE = "Simple UIListViewController App/Info.plist";
				LD_RUNPATH_SEARCH_PATHS = (
					"$(inherited)",
					"@executable_path/Frameworks",
				);
				PRODUCT_BUNDLE_IDENTIFIER = "ca.qc.mtl.mohaila.Simple-UIListViewController-App";
				PRODUCT_NAME = "$(TARGET_NAME)";
				SWIFT_VERSION = 5.0;
				TARGETED_DEVICE_FAMILY = "1,2";
			};
			name = Release;
		};
/* End XCBuildConfiguration section */

/* Begin XCConfigurationList section */
		47A4BF542250053700B66B84 /* Build configuration list for PBXProject "Simple UIListViewController App" */ = {
			isa = XCConfigurationList;
			buildConfigurations = (
				47A4BF692250053700B66B84 /* Debug */,
				47A4BF6A2250053700B66B84 /* Release */,
			);
			defaultConfigurationIsVisible = 0;
			defaultConfigurationName = Release;
		};
		47A4BF6B2250053700B66B84 /* Build configuration list for PBXNativeTarget "Simple UIListViewController App" */ = {
			isa = XCConfigurationList;
			buildConfigurations = (
				47A4BF6C2250053700B66B84 /* Debug */,
				47A4BF6D2250053700B66B84 /* Release */,
			);
			defaultConfigurationIsVisible = 0;
			defaultConfigurationName = Release;
		};
/* End XCConfigurationList section */
	};
	rootObject = 47A4BF512250053700B66B84 /* Project object */;
}
